
Microsoft Visual Studio Solution File, Format Version 12.00
# Visual Studio Version 16
VisualStudioVersion = 25.0.1706.0
MinimumVisualStudioVersion = 10.0.40219.1
Project("{FAE04EC0-301F-11D3-BF4B-00C04F79EFBC}") = "WebsiteDeneme", "WebsiteDeneme\WebsiteDeneme.csproj", "{91D14F18-69E7-4E15-9770-A3E8E093234D}"
EndProject
Global
	GlobalSection(SolutionConfigurationPlatforms) = preSolution
		Debug|Any CPU = Debug|Any CPU
		Release|Any CPU = Release|Any CPU
	EndGlobalSection
	GlobalSection(ProjectConfigurationPlatforms) = postSolution
		{91D14F18-69E7-4E15-9770-A3E8E093234D}.Debug|Any CPU.ActiveCfg = Debug|Any CPU
		{91D14F18-69E7-4E15-9770-A3E8E093234D}.Debug|Any CPU.Build.0 = Debug|Any CPU
		{91D14F18-69E7-4E15-9770-A3E8E093234D}.Release|Any CPU.ActiveCfg = Release|Any CPU
		{91D14F18-69E7-4E15-9770-A3E8E093234D}.Release|Any CPU.Build.0 = Release|Any CPU
	EndGlobalSection
	GlobalSection(SolutionProperties) = preSolution
		HideSolutionNode = FALSE
	EndGlobalSection
	GlobalSection(ExtensibilityGlobals) = postSolution
		SolutionGuid = {D7B9BD67-7A06-41E8-ABC5-7AA4606F1A38}
	EndGlobalSection
EndGlobal
